// !$*UTF8*$!
{
	archiveVersion = 1;
	classes = {
	};
	objectVersion = 46;
	objects = {

/* Begin PBXBuildFile section */
		83DD42D9173447DB00FA7408 /* UIKit.framework in Frameworks */ = {isa = PBXBuildFile; fileRef = 83DD42D8173447DB00FA7408 /* UIKit.framework */; };
		83DD42DB173447DB00FA7408 /* Foundation.framework in Frameworks */ = {isa = PBXBuildFile; fileRef = 83DD42DA173447DB00FA7408 /* Foundation.framework */; };
		83DD42DD173447DB00FA7408 /* CoreGraphics.framework in Frameworks */ = {isa = PBXBuildFile; fileRef = 83DD42DC173447DB00FA7408 /* CoreGraphics.framework */; };
		83DD42E3173447DB00FA7408 /* InfoPlist.strings in Resources */ = {isa = PBXBuildFile; fileRef = 83DD42E1173447DB00FA7408 /* InfoPlist.strings */; };
		83DD42E5173447DB00FA7408 /* main.m in Sources */ = {isa = PBXBuildFile; fileRef = 83DD42E4173447DB00FA7408 /* main.m */; };
		83DD42E9173447DB00FA7408 /* AppDelegate.m in Sources */ = {isa = PBXBuildFile; fileRef = 83DD42E8173447DB00FA7408 /* AppDelegate.m */; };
		83DD42EB173447DB00FA7408 /* Default.png in Resources */ = {isa = PBXBuildFile; fileRef = 83DD42EA173447DB00FA7408 /* Default.png */; };
		83DD42ED173447DB00FA7408 /* Default@2x.png in Resources */ = {isa = PBXBuildFile; fileRef = 83DD42EC173447DB00FA7408 /* Default@2x.png */; };
		83DD42EF173447DB00FA7408 /* Default-568h@2x.png in Resources */ = {isa = PBXBuildFile; fileRef = 83DD42EE173447DB00FA7408 /* Default-568h@2x.png */; };
		83DD42F2173447DB00FA7408 /* MainStoryboard.storyboard in Resources */ = {isa = PBXBuildFile; fileRef = 83DD42F0173447DB00FA7408 /* MainStoryboard.storyboard */; };
		83DD42F7173447DB00FA7408 /* first.png in Resources */ = {isa = PBXBuildFile; fileRef = 83DD42F6173447DB00FA7408 /* first.png */; };
		83DD42F9173447DB00FA7408 /* first@2x.png in Resources */ = {isa = PBXBuildFile; fileRef = 83DD42F8173447DB00FA7408 /* first@2x.png */; };
		83DD42FE173447DC00FA7408 /* second.png in Resources */ = {isa = PBXBuildFile; fileRef = 83DD42FD173447DC00FA7408 /* second.png */; };
		83DD4300173447DC00FA7408 /* second@2x.png in Resources */ = {isa = PBXBuildFile; fileRef = 83DD42FF173447DC00FA7408 /* second@2x.png */; };
		BF8FF99B173CB2FC003C6BBF /* Activity.m in Sources */ = {isa = PBXBuildFile; fileRef = BF8FF99A173CB2FC003C6BBF /* Activity.m */; };
		BF8FF99E173CB443003C6BBF /* Invite.m in Sources */ = {isa = PBXBuildFile; fileRef = BF8FF99D173CB443003C6BBF /* Invite.m */; };
		BF8FF9A1173CB506003C6BBF /* GoalInvite.m in Sources */ = {isa = PBXBuildFile; fileRef = BF8FF9A0173CB506003C6BBF /* GoalInvite.m */; };
		BF8FF9A4173CB533003C6BBF /* ActivityInvite.m in Sources */ = {isa = PBXBuildFile; fileRef = BF8FF9A3173CB533003C6BBF /* ActivityInvite.m */; };
		BF8FF9A7173CB6DB003C6BBF /* User.m in Sources */ = {isa = PBXBuildFile; fileRef = BF8FF9A6173CB6DB003C6BBF /* User.m */; };
		BF8FF9AA173CB7EE003C6BBF /* InviteList.m in Sources */ = {isa = PBXBuildFile; fileRef = BF8FF9A9173CB7EE003C6BBF /* InviteList.m */; };
		BF8FF9AD173CB99A003C6BBF /* GoalList.m in Sources */ = {isa = PBXBuildFile; fileRef = BF8FF9AC173CB999003C6BBF /* GoalList.m */; };
		BF8FF9B0173CB9FE003C6BBF /* ActivityList.m in Sources */ = {isa = PBXBuildFile; fileRef = BF8FF9AF173CB9FE003C6BBF /* ActivityList.m */; };
		BF8FF9B3173CBA6A003C6BBF /* UserUtilities.m in Sources */ = {isa = PBXBuildFile; fileRef = BF8FF9B2173CBA6A003C6BBF /* UserUtilities.m */; };
		BF8FF9B6173CBAFE003C6BBF /* Progress.m in Sources */ = {isa = PBXBuildFile; fileRef = BF8FF9B5173CBAFD003C6BBF /* Progress.m */; };
		BF8FF9B9173CBB0F003C6BBF /* Social.m in Sources */ = {isa = PBXBuildFile; fileRef = BF8FF9B8173CBB0F003C6BBF /* Social.m */; };
		CB760787173CAD5C000810E1 /* Goal.m in Sources */ = {isa = PBXBuildFile; fileRef = CB760786173CAD5C000810E1 /* Goal.m */; };
		CB87568A174958EB003159DF /* libRestKit.a in Frameworks */ = {isa = PBXBuildFile; fileRef = CB87568117495775003159DF /* libRestKit.a */; };
		CB87568C1749590F003159DF /* CFNetwork.framework in Frameworks */ = {isa = PBXBuildFile; fileRef = CB87568B1749590F003159DF /* CFNetwork.framework */; };
		CB87568E17495918003159DF /* CoreData.framework in Frameworks */ = {isa = PBXBuildFile; fileRef = CB87568D17495918003159DF /* CoreData.framework */; };
		CB87569017495926003159DF /* MobileCoreServices.framework in Frameworks */ = {isa = PBXBuildFile; fileRef = CB87568F17495926003159DF /* MobileCoreServices.framework */; };
		CB8756921749592E003159DF /* Security.framework in Frameworks */ = {isa = PBXBuildFile; fileRef = CB8756911749592E003159DF /* Security.framework */; };
		CB8756941749593A003159DF /* SystemConfiguration.framework in Frameworks */ = {isa = PBXBuildFile; fileRef = CB8756931749593A003159DF /* SystemConfiguration.framework */; };
/* End PBXBuildFile section */

/* Begin PBXContainerItemProxy section */
		CB87568017495775003159DF /* PBXContainerItemProxy */ = {
			isa = PBXContainerItemProxy;
			containerPortal = CB87567917495775003159DF /* RestKit.xcodeproj */;
			proxyType = 2;
			remoteGlobalIDString = 25160D1614564E810060A5C5;
			remoteInfo = RestKit;
		};
		CB87568217495775003159DF /* PBXContainerItemProxy */ = {
			isa = PBXContainerItemProxy;
			containerPortal = CB87567917495775003159DF /* RestKit.xcodeproj */;
			proxyType = 2;
			remoteGlobalIDString = 25160D2614564E820060A5C5;
			remoteInfo = RestKitTests;
		};
		CB87568417495775003159DF /* PBXContainerItemProxy */ = {
			isa = PBXContainerItemProxy;
			containerPortal = CB87567917495775003159DF /* RestKit.xcodeproj */;
			proxyType = 2;
			remoteGlobalIDString = 25160E62145651060060A5C5;
			remoteInfo = RestKitFramework;
		};
		CB87568617495775003159DF /* PBXContainerItemProxy */ = {
			isa = PBXContainerItemProxy;
			containerPortal = CB87567917495775003159DF /* RestKit.xcodeproj */;
			proxyType = 2;
			remoteGlobalIDString = 25160E78145651060060A5C5;
			remoteInfo = RestKitFrameworkTests;
		};
		CB875688174958A4003159DF /* PBXContainerItemProxy */ = {
			isa = PBXContainerItemProxy;
			containerPortal = CB87567917495775003159DF /* RestKit.xcodeproj */;
			proxyType = 1;
			remoteGlobalIDString = 25160D1514564E810060A5C5;
			remoteInfo = RestKit;
		};
/* End PBXContainerItemProxy section */

/* Begin PBXFileReference section */
		83AEDA3F173CA2AE00D9C0F4 /* SocialNavigationController.h */ = {isa = PBXFileReference; fileEncoding = 4; lastKnownFileType = sourcecode.c.h; path = SocialNavigationController.h; sourceTree = "<group>"; };
		83AEDA40173CA2AE00D9C0F4 /* SocialNavigationController.m */ = {isa = PBXFileReference; fileEncoding = 4; lastKnownFileType = sourcecode.c.objc; path = SocialNavigationController.m; sourceTree = "<group>"; };
		83AEDA42173CA2F300D9C0F4 /* TodayNavigationController.h */ = {isa = PBXFileReference; fileEncoding = 4; lastKnownFileType = sourcecode.c.h; path = TodayNavigationController.h; sourceTree = "<group>"; };
		83AEDA43173CA2F300D9C0F4 /* TodayNavigationController.m */ = {isa = PBXFileReference; fileEncoding = 4; lastKnownFileType = sourcecode.c.objc; path = TodayNavigationController.m; sourceTree = "<group>"; };
		83AEDA45173CA35E00D9C0F4 /* GoalsNavigationController.h */ = {isa = PBXFileReference; fileEncoding = 4; lastKnownFileType = sourcecode.c.h; path = GoalsNavigationController.h; sourceTree = "<group>"; };
		83AEDA46173CA35E00D9C0F4 /* GoalsNavigationController.m */ = {isa = PBXFileReference; fileEncoding = 4; lastKnownFileType = sourcecode.c.objc; path = GoalsNavigationController.m; sourceTree = "<group>"; };
		83AEDA48173CA3A100D9C0F4 /* ProgressNavigationController.h */ = {isa = PBXFileReference; fileEncoding = 4; lastKnownFileType = sourcecode.c.h; path = ProgressNavigationController.h; sourceTree = "<group>"; };
		83AEDA49173CA3A100D9C0F4 /* ProgressNavigationController.m */ = {isa = PBXFileReference; fileEncoding = 4; lastKnownFileType = sourcecode.c.objc; path = ProgressNavigationController.m; sourceTree = "<group>"; };
		83DD42D5173447DB00FA7408 /* Balancer.app */ = {isa = PBXFileReference; explicitFileType = wrapper.application; includeInIndex = 0; path = Balancer.app; sourceTree = BUILT_PRODUCTS_DIR; };
		83DD42D8173447DB00FA7408 /* UIKit.framework */ = {isa = PBXFileReference; lastKnownFileType = wrapper.framework; name = UIKit.framework; path = System/Library/Frameworks/UIKit.framework; sourceTree = SDKROOT; };
		83DD42DA173447DB00FA7408 /* Foundation.framework */ = {isa = PBXFileReference; lastKnownFileType = wrapper.framework; name = Foundation.framework; path = System/Library/Frameworks/Foundation.framework; sourceTree = SDKROOT; };
		83DD42DC173447DB00FA7408 /* CoreGraphics.framework */ = {isa = PBXFileReference; lastKnownFileType = wrapper.framework; name = CoreGraphics.framework; path = System/Library/Frameworks/CoreGraphics.framework; sourceTree = SDKROOT; };
		83DD42E0173447DB00FA7408 /* Balancer-Info.plist */ = {isa = PBXFileReference; lastKnownFileType = text.plist.xml; path = "Balancer-Info.plist"; sourceTree = "<group>"; };
		83DD42E2173447DB00FA7408 /* en */ = {isa = PBXFileReference; lastKnownFileType = text.plist.strings; name = en; path = en.lproj/InfoPlist.strings; sourceTree = "<group>"; };
		83DD42E4173447DB00FA7408 /* main.m */ = {isa = PBXFileReference; lastKnownFileType = sourcecode.c.objc; path = main.m; sourceTree = "<group>"; };
		83DD42E6173447DB00FA7408 /* Balancer-Prefix.pch */ = {isa = PBXFileReference; lastKnownFileType = sourcecode.c.h; path = "Balancer-Prefix.pch"; sourceTree = "<group>"; };
		83DD42E7173447DB00FA7408 /* AppDelegate.h */ = {isa = PBXFileReference; lastKnownFileType = sourcecode.c.h; path = AppDelegate.h; sourceTree = "<group>"; };
		83DD42E8173447DB00FA7408 /* AppDelegate.m */ = {isa = PBXFileReference; lastKnownFileType = sourcecode.c.objc; path = AppDelegate.m; sourceTree = "<group>"; };
		83DD42EA173447DB00FA7408 /* Default.png */ = {isa = PBXFileReference; lastKnownFileType = image.png; path = Default.png; sourceTree = "<group>"; };
		83DD42EC173447DB00FA7408 /* Default@2x.png */ = {isa = PBXFileReference; lastKnownFileType = image.png; path = "Default@2x.png"; sourceTree = "<group>"; };
		83DD42EE173447DB00FA7408 /* Default-568h@2x.png */ = {isa = PBXFileReference; lastKnownFileType = image.png; path = "Default-568h@2x.png"; sourceTree = "<group>"; };
		83DD42F1173447DB00FA7408 /* en */ = {isa = PBXFileReference; lastKnownFileType = file.storyboard; name = en; path = en.lproj/MainStoryboard.storyboard; sourceTree = "<group>"; };
		83DD42F6173447DB00FA7408 /* first.png */ = {isa = PBXFileReference; lastKnownFileType = image.png; path = first.png; sourceTree = "<group>"; };
		83DD42F8173447DB00FA7408 /* first@2x.png */ = {isa = PBXFileReference; lastKnownFileType = image.png; path = "first@2x.png"; sourceTree = "<group>"; };
		83DD42FD173447DC00FA7408 /* second.png */ = {isa = PBXFileReference; lastKnownFileType = image.png; path = second.png; sourceTree = "<group>"; };
		83DD42FF173447DC00FA7408 /* second@2x.png */ = {isa = PBXFileReference; lastKnownFileType = image.png; path = "second@2x.png"; sourceTree = "<group>"; };
		BF8FF999173CB2FC003C6BBF /* Activity.h */ = {isa = PBXFileReference; fileEncoding = 4; lastKnownFileType = sourcecode.c.h; path = Activity.h; sourceTree = "<group>"; };
		BF8FF99A173CB2FC003C6BBF /* Activity.m */ = {isa = PBXFileReference; fileEncoding = 4; lastKnownFileType = sourcecode.c.objc; path = Activity.m; sourceTree = "<group>"; };
		BF8FF99C173CB443003C6BBF /* Invite.h */ = {isa = PBXFileReference; fileEncoding = 4; lastKnownFileType = sourcecode.c.h; path = Invite.h; sourceTree = "<group>"; };
		BF8FF99D173CB443003C6BBF /* Invite.m */ = {isa = PBXFileReference; fileEncoding = 4; lastKnownFileType = sourcecode.c.objc; path = Invite.m; sourceTree = "<group>"; };
		BF8FF99F173CB506003C6BBF /* GoalInvite.h */ = {isa = PBXFileReference; fileEncoding = 4; lastKnownFileType = sourcecode.c.h; path = GoalInvite.h; sourceTree = "<group>"; };
		BF8FF9A0173CB506003C6BBF /* GoalInvite.m */ = {isa = PBXFileReference; fileEncoding = 4; lastKnownFileType = sourcecode.c.objc; path = GoalInvite.m; sourceTree = "<group>"; };
		BF8FF9A2173CB533003C6BBF /* ActivityInvite.h */ = {isa = PBXFileReference; fileEncoding = 4; lastKnownFileType = sourcecode.c.h; path = ActivityInvite.h; sourceTree = "<group>"; };
		BF8FF9A3173CB533003C6BBF /* ActivityInvite.m */ = {isa = PBXFileReference; fileEncoding = 4; lastKnownFileType = sourcecode.c.objc; path = ActivityInvite.m; sourceTree = "<group>"; };
		BF8FF9A5173CB6DB003C6BBF /* User.h */ = {isa = PBXFileReference; fileEncoding = 4; lastKnownFileType = sourcecode.c.h; path = User.h; sourceTree = "<group>"; };
		BF8FF9A6173CB6DB003C6BBF /* User.m */ = {isa = PBXFileReference; fileEncoding = 4; lastKnownFileType = sourcecode.c.objc; path = User.m; sourceTree = "<group>"; };
		BF8FF9A8173CB7ED003C6BBF /* InviteList.h */ = {isa = PBXFileReference; fileEncoding = 4; lastKnownFileType = sourcecode.c.h; path = InviteList.h; sourceTree = "<group>"; };
		BF8FF9A9173CB7EE003C6BBF /* InviteList.m */ = {isa = PBXFileReference; fileEncoding = 4; lastKnownFileType = sourcecode.c.objc; path = InviteList.m; sourceTree = "<group>"; };
		BF8FF9AB173CB999003C6BBF /* GoalList.h */ = {isa = PBXFileReference; fileEncoding = 4; lastKnownFileType = sourcecode.c.h; path = GoalList.h; sourceTree = "<group>"; };
		BF8FF9AC173CB999003C6BBF /* GoalList.m */ = {isa = PBXFileReference; fileEncoding = 4; lastKnownFileType = sourcecode.c.objc; path = GoalList.m; sourceTree = "<group>"; };
		BF8FF9AE173CB9FD003C6BBF /* ActivityList.h */ = {isa = PBXFileReference; fileEncoding = 4; lastKnownFileType = sourcecode.c.h; path = ActivityList.h; sourceTree = "<group>"; };
		BF8FF9AF173CB9FE003C6BBF /* ActivityList.m */ = {isa = PBXFileReference; fileEncoding = 4; lastKnownFileType = sourcecode.c.objc; path = ActivityList.m; sourceTree = "<group>"; };
		BF8FF9B1173CBA6A003C6BBF /* UserUtilities.h */ = {isa = PBXFileReference; fileEncoding = 4; lastKnownFileType = sourcecode.c.h; path = UserUtilities.h; sourceTree = "<group>"; };
		BF8FF9B2173CBA6A003C6BBF /* UserUtilities.m */ = {isa = PBXFileReference; fileEncoding = 4; lastKnownFileType = sourcecode.c.objc; path = UserUtilities.m; sourceTree = "<group>"; };
		BF8FF9B4173CBAFD003C6BBF /* Progress.h */ = {isa = PBXFileReference; fileEncoding = 4; lastKnownFileType = sourcecode.c.h; path = Progress.h; sourceTree = "<group>"; };
		BF8FF9B5173CBAFD003C6BBF /* Progress.m */ = {isa = PBXFileReference; fileEncoding = 4; lastKnownFileType = sourcecode.c.objc; path = Progress.m; sourceTree = "<group>"; };
		BF8FF9B7173CBB0E003C6BBF /* Social.h */ = {isa = PBXFileReference; fileEncoding = 4; lastKnownFileType = sourcecode.c.h; path = Social.h; sourceTree = "<group>"; };
		BF8FF9B8173CBB0F003C6BBF /* Social.m */ = {isa = PBXFileReference; fileEncoding = 4; lastKnownFileType = sourcecode.c.objc; path = Social.m; sourceTree = "<group>"; };
		CB760785173CAD5C000810E1 /* Goal.h */ = {isa = PBXFileReference; fileEncoding = 4; lastKnownFileType = sourcecode.c.h; path = Goal.h; sourceTree = "<group>"; };
		CB760786173CAD5C000810E1 /* Goal.m */ = {isa = PBXFileReference; fileEncoding = 4; lastKnownFileType = sourcecode.c.objc; path = Goal.m; sourceTree = "<group>"; };
		CB87567917495775003159DF /* RestKit.xcodeproj */ = {isa = PBXFileReference; lastKnownFileType = "wrapper.pb-project"; name = RestKit.xcodeproj; path = RestKit/RestKit.xcodeproj; sourceTree = "<group>"; };
		CB87568B1749590F003159DF /* CFNetwork.framework */ = {isa = PBXFileReference; lastKnownFileType = wrapper.framework; name = CFNetwork.framework; path = System/Library/Frameworks/CFNetwork.framework; sourceTree = SDKROOT; };
		CB87568D17495918003159DF /* CoreData.framework */ = {isa = PBXFileReference; lastKnownFileType = wrapper.framework; name = CoreData.framework; path = System/Library/Frameworks/CoreData.framework; sourceTree = SDKROOT; };
		CB87568F17495926003159DF /* MobileCoreServices.framework */ = {isa = PBXFileReference; lastKnownFileType = wrapper.framework; name = MobileCoreServices.framework; path = System/Library/Frameworks/MobileCoreServices.framework; sourceTree = SDKROOT; };
		CB8756911749592E003159DF /* Security.framework */ = {isa = PBXFileReference; lastKnownFileType = wrapper.framework; name = Security.framework; path = System/Library/Frameworks/Security.framework; sourceTree = SDKROOT; };
		CB8756931749593A003159DF /* SystemConfiguration.framework */ = {isa = PBXFileReference; lastKnownFileType = wrapper.framework; name = SystemConfiguration.framework; path = System/Library/Frameworks/SystemConfiguration.framework; sourceTree = SDKROOT; };
/* End PBXFileReference section */

/* Begin PBXFrameworksBuildPhase section */
		83DD42D2173447DB00FA7408 /* Frameworks */ = {
			isa = PBXFrameworksBuildPhase;
			buildActionMask = 2147483647;
			files = (
				CB8756941749593A003159DF /* SystemConfiguration.framework in Frameworks */,
				CB8756921749592E003159DF /* Security.framework in Frameworks */,
				CB87569017495926003159DF /* MobileCoreServices.framework in Frameworks */,
				CB87568E17495918003159DF /* CoreData.framework in Frameworks */,
				CB87568C1749590F003159DF /* CFNetwork.framework in Frameworks */,
				CB87568A174958EB003159DF /* libRestKit.a in Frameworks */,
				83DD42D9173447DB00FA7408 /* UIKit.framework in Frameworks */,
				83DD42DB173447DB00FA7408 /* Foundation.framework in Frameworks */,
				83DD42DD173447DB00FA7408 /* CoreGraphics.framework in Frameworks */,
			);
			runOnlyForDeploymentPostprocessing = 0;
		};
/* End PBXFrameworksBuildPhase section */

/* Begin PBXGroup section */
		83DD42CC173447DB00FA7408 = {
			isa = PBXGroup;
			children = (
				CB8756931749593A003159DF /* SystemConfiguration.framework */,
				CB8756911749592E003159DF /* Security.framework */,
				CB87568F17495926003159DF /* MobileCoreServices.framework */,
				CB87568D17495918003159DF /* CoreData.framework */,
				CB87568B1749590F003159DF /* CFNetwork.framework */,
				CB87567917495775003159DF /* RestKit.xcodeproj */,
				83DD42DE173447DB00FA7408 /* Balancer */,
				83DD42D7173447DB00FA7408 /* Frameworks */,
				83DD42D6173447DB00FA7408 /* Products */,
			);
			sourceTree = "<group>";
		};
		83DD42D6173447DB00FA7408 /* Products */ = {
			isa = PBXGroup;
			children = (
				83DD42D5173447DB00FA7408 /* Balancer.app */,
			);
			name = Products;
			sourceTree = "<group>";
		};
		83DD42D7173447DB00FA7408 /* Frameworks */ = {
			isa = PBXGroup;
			children = (
				83DD42D8173447DB00FA7408 /* UIKit.framework */,
				83DD42DA173447DB00FA7408 /* Foundation.framework */,
				83DD42DC173447DB00FA7408 /* CoreGraphics.framework */,
			);
			name = Frameworks;
			sourceTree = "<group>";
		};
		83DD42DE173447DB00FA7408 /* Balancer */ = {
			isa = PBXGroup;
			children = (
				83DD42E7173447DB00FA7408 /* AppDelegate.h */,
				83DD42E8173447DB00FA7408 /* AppDelegate.m */,
				83DD42F0173447DB00FA7408 /* MainStoryboard.storyboard */,
				83AEDA3F173CA2AE00D9C0F4 /* SocialNavigationController.h */,
				83AEDA40173CA2AE00D9C0F4 /* SocialNavigationController.m */,
				83AEDA42173CA2F300D9C0F4 /* TodayNavigationController.h */,
				83AEDA43173CA2F300D9C0F4 /* TodayNavigationController.m */,
				83AEDA45173CA35E00D9C0F4 /* GoalsNavigationController.h */,
				83AEDA46173CA35E00D9C0F4 /* GoalsNavigationController.m */,
				83AEDA48173CA3A100D9C0F4 /* ProgressNavigationController.h */,
				83AEDA49173CA3A100D9C0F4 /* ProgressNavigationController.m */,
				83DD42F6173447DB00FA7408 /* first.png */,
				83DD42F8173447DB00FA7408 /* first@2x.png */,
				83DD42FD173447DC00FA7408 /* second.png */,
				83DD42FF173447DC00FA7408 /* second@2x.png */,
				CB760784173CAD5C000810E1 /* Model */,
				83DD42DF173447DB00FA7408 /* Supporting Files */,
			);
			path = Balancer;
			sourceTree = "<group>";
		};
		83DD42DF173447DB00FA7408 /* Supporting Files */ = {
			isa = PBXGroup;
			children = (
				83DD42E0173447DB00FA7408 /* Balancer-Info.plist */,
				83DD42E1173447DB00FA7408 /* InfoPlist.strings */,
				83DD42E4173447DB00FA7408 /* main.m */,
				83DD42E6173447DB00FA7408 /* Balancer-Prefix.pch */,
				83DD42EA173447DB00FA7408 /* Default.png */,
				83DD42EC173447DB00FA7408 /* Default@2x.png */,
				83DD42EE173447DB00FA7408 /* Default-568h@2x.png */,
			);
			name = "Supporting Files";
			sourceTree = "<group>";
		};
		CB760784173CAD5C000810E1 /* Model */ = {
			isa = PBXGroup;
			children = (
				BF8FF999173CB2FC003C6BBF /* Activity.h */,
				BF8FF99A173CB2FC003C6BBF /* Activity.m */,
				BF8FF9A2173CB533003C6BBF /* ActivityInvite.h */,
				BF8FF9A3173CB533003C6BBF /* ActivityInvite.m */,
				BF8FF9AE173CB9FD003C6BBF /* ActivityList.h */,
				BF8FF9AF173CB9FE003C6BBF /* ActivityList.m */,
				CB760785173CAD5C000810E1 /* Goal.h */,
				CB760786173CAD5C000810E1 /* Goal.m */,
				BF8FF99F173CB506003C6BBF /* GoalInvite.h */,
				BF8FF9A0173CB506003C6BBF /* GoalInvite.m */,
				BF8FF9AB173CB999003C6BBF /* GoalList.h */,
				BF8FF9AC173CB999003C6BBF /* GoalList.m */,
				BF8FF99C173CB443003C6BBF /* Invite.h */,
				BF8FF99D173CB443003C6BBF /* Invite.m */,
				BF8FF9A8173CB7ED003C6BBF /* InviteList.h */,
				BF8FF9A9173CB7EE003C6BBF /* InviteList.m */,
				BF8FF9B4173CBAFD003C6BBF /* Progress.h */,
				BF8FF9B5173CBAFD003C6BBF /* Progress.m */,
				BF8FF9B7173CBB0E003C6BBF /* Social.h */,
				BF8FF9B8173CBB0F003C6BBF /* Social.m */,
				BF8FF9A5173CB6DB003C6BBF /* User.h */,
				BF8FF9A6173CB6DB003C6BBF /* User.m */,
				BF8FF9B1173CBA6A003C6BBF /* UserUtilities.h */,
				BF8FF9B2173CBA6A003C6BBF /* UserUtilities.m */,
			);
			path = Model;
			sourceTree = "<group>";
		};
		CB87567A17495775003159DF /* Products */ = {
			isa = PBXGroup;
			children = (
				CB87568117495775003159DF /* libRestKit.a */,
				CB87568317495775003159DF /* RestKitTests.octest */,
				CB87568517495775003159DF /* RestKit.framework */,
				CB87568717495775003159DF /* RestKitFrameworkTests.octest */,
			);
			name = Products;
			sourceTree = "<group>";
		};
/* End PBXGroup section */

/* Begin PBXNativeTarget section */
		83DD42D4173447DB00FA7408 /* Balancer */ = {
			isa = PBXNativeTarget;
			buildConfigurationList = 83DD4303173447DC00FA7408 /* Build configuration list for PBXNativeTarget "Balancer" */;
			buildPhases = (
				83DD42D1173447DB00FA7408 /* Sources */,
				83DD42D2173447DB00FA7408 /* Frameworks */,
				83DD42D3173447DB00FA7408 /* Resources */,
			);
			buildRules = (
			);
			dependencies = (
				CB875689174958A4003159DF /* PBXTargetDependency */,
			);
			name = Balancer;
			productName = Balancer;
			productReference = 83DD42D5173447DB00FA7408 /* Balancer.app */;
			productType = "com.apple.product-type.application";
		};
/* End PBXNativeTarget section */

/* Begin PBXProject section */
		83DD42CD173447DB00FA7408 /* Project object */ = {
			isa = PBXProject;
			attributes = {
				LastUpgradeCheck = 0460;
				ORGANIZATIONNAME = "Dian Hartono, Grace Jang, Chris Rovillos, Catriona Scott, Brian Yin";
			};
			buildConfigurationList = 83DD42D0173447DB00FA7408 /* Build configuration list for PBXProject "Balancer" */;
			compatibilityVersion = "Xcode 3.2";
			developmentRegion = English;
			hasScannedForEncodings = 0;
			knownRegions = (
				en,
			);
			mainGroup = 83DD42CC173447DB00FA7408;
			productRefGroup = 83DD42D6173447DB00FA7408 /* Products */;
			projectDirPath = "";
			projectReferences = (
				{
					ProductGroup = CB87567A17495775003159DF /* Products */;
					ProjectRef = CB87567917495775003159DF /* RestKit.xcodeproj */;
				},
			);
			projectRoot = "";
			targets = (
				83DD42D4173447DB00FA7408 /* Balancer */,
			);
		};
/* End PBXProject section */

/* Begin PBXReferenceProxy section */
		CB87568117495775003159DF /* libRestKit.a */ = {
			isa = PBXReferenceProxy;
			fileType = archive.ar;
			path = libRestKit.a;
			remoteRef = CB87568017495775003159DF /* PBXContainerItemProxy */;
			sourceTree = BUILT_PRODUCTS_DIR;
		};
		CB87568317495775003159DF /* RestKitTests.octest */ = {
			isa = PBXReferenceProxy;
			fileType = wrapper.cfbundle;
			path = RestKitTests.octest;
			remoteRef = CB87568217495775003159DF /* PBXContainerItemProxy */;
			sourceTree = BUILT_PRODUCTS_DIR;
		};
		CB87568517495775003159DF /* RestKit.framework */ = {
			isa = PBXReferenceProxy;
			fileType = wrapper.framework;
			path = RestKit.framework;
			remoteRef = CB87568417495775003159DF /* PBXContainerItemProxy */;
			sourceTree = BUILT_PRODUCTS_DIR;
		};
		CB87568717495775003159DF /* RestKitFrameworkTests.octest */ = {
			isa = PBXReferenceProxy;
			fileType = wrapper.cfbundle;
			path = RestKitFrameworkTests.octest;
			remoteRef = CB87568617495775003159DF /* PBXContainerItemProxy */;
			sourceTree = BUILT_PRODUCTS_DIR;
		};
/* End PBXReferenceProxy section */

/* Begin PBXResourcesBuildPhase section */
		83DD42D3173447DB00FA7408 /* Resources */ = {
			isa = PBXResourcesBuildPhase;
			buildActionMask = 2147483647;
			files = (
				83DD42E3173447DB00FA7408 /* InfoPlist.strings in Resources */,
				83DD42EB173447DB00FA7408 /* Default.png in Resources */,
				83DD42ED173447DB00FA7408 /* Default@2x.png in Resources */,
				83DD42EF173447DB00FA7408 /* Default-568h@2x.png in Resources */,
				83DD42F2173447DB00FA7408 /* MainStoryboard.storyboard in Resources */,
				83DD42F7173447DB00FA7408 /* first.png in Resources */,
				83DD42F9173447DB00FA7408 /* first@2x.png in Resources */,
				83DD42FE173447DC00FA7408 /* second.png in Resources */,
				83DD4300173447DC00FA7408 /* second@2x.png in Resources */,
			);
			runOnlyForDeploymentPostprocessing = 0;
		};
/* End PBXResourcesBuildPhase section */

/* Begin PBXSourcesBuildPhase section */
		83DD42D1173447DB00FA7408 /* Sources */ = {
			isa = PBXSourcesBuildPhase;
			buildActionMask = 2147483647;
			files = (
				83DD42E5173447DB00FA7408 /* main.m in Sources */,
				83DD42E9173447DB00FA7408 /* AppDelegate.m in Sources */,
				CB760787173CAD5C000810E1 /* Goal.m in Sources */,
				BF8FF99B173CB2FC003C6BBF /* Activity.m in Sources */,
				BF8FF99E173CB443003C6BBF /* Invite.m in Sources */,
				BF8FF9A1173CB506003C6BBF /* GoalInvite.m in Sources */,
				BF8FF9A4173CB533003C6BBF /* ActivityInvite.m in Sources */,
				BF8FF9A7173CB6DB003C6BBF /* User.m in Sources */,
				BF8FF9AA173CB7EE003C6BBF /* InviteList.m in Sources */,
				BF8FF9AD173CB99A003C6BBF /* GoalList.m in Sources */,
				BF8FF9B0173CB9FE003C6BBF /* ActivityList.m in Sources */,
				BF8FF9B3173CBA6A003C6BBF /* UserUtilities.m in Sources */,
				BF8FF9B6173CBAFE003C6BBF /* Progress.m in Sources */,
				BF8FF9B9173CBB0F003C6BBF /* Social.m in Sources */,
			);
			runOnlyForDeploymentPostprocessing = 0;
		};
/* End PBXSourcesBuildPhase section */

/* Begin PBXTargetDependency section */
		CB875689174958A4003159DF /* PBXTargetDependency */ = {
			isa = PBXTargetDependency;
			name = RestKit;
			targetProxy = CB875688174958A4003159DF /* PBXContainerItemProxy */;
		};
/* End PBXTargetDependency section */

/* Begin PBXVariantGroup section */
		83DD42E1173447DB00FA7408 /* InfoPlist.strings */ = {
			isa = PBXVariantGroup;
			children = (
				83DD42E2173447DB00FA7408 /* en */,
			);
			name = InfoPlist.strings;
			sourceTree = "<group>";
		};
		83DD42F0173447DB00FA7408 /* MainStoryboard.storyboard */ = {
			isa = PBXVariantGroup;
			children = (
				83DD42F1173447DB00FA7408 /* en */,
			);
			name = MainStoryboard.storyboard;
			sourceTree = "<group>";
		};
/* End PBXVariantGroup section */

/* Begin XCBuildConfiguration section */
		83DD4301173447DC00FA7408 /* Debug */ = {
			isa = XCBuildConfiguration;
			buildSettings = {
				ALWAYS_SEARCH_USER_PATHS = NO;
				CLANG_CXX_LANGUAGE_STANDARD = "gnu++0x";
				CLANG_CXX_LIBRARY = "libc++";
				CLANG_ENABLE_OBJC_ARC = YES;
				CLANG_WARN_CONSTANT_CONVERSION = YES;
				CLANG_WARN_EMPTY_BODY = YES;
				CLANG_WARN_ENUM_CONVERSION = YES;
				CLANG_WARN_INT_CONVERSION = YES;
				CLANG_WARN__DUPLICATE_METHOD_MATCH = YES;
				"CODE_SIGN_IDENTITY[sdk=iphoneos*]" = "iPhone Developer";
				COPY_PHASE_STRIP = NO;
				GCC_C_LANGUAGE_STANDARD = gnu99;
				GCC_DYNAMIC_NO_PIC = NO;
				GCC_OPTIMIZATION_LEVEL = 0;
				GCC_PREPROCESSOR_DEFINITIONS = (
					"DEBUG=1",
					"$(inherited)",
				);
				GCC_SYMBOLS_PRIVATE_EXTERN = NO;
				GCC_WARN_ABOUT_RETURN_TYPE = YES;
				GCC_WARN_UNINITIALIZED_AUTOS = YES;
				GCC_WARN_UNUSED_VARIABLE = YES;
				IPHONEOS_DEPLOYMENT_TARGET = 6.1;
				ONLY_ACTIVE_ARCH = YES;
				SDKROOT = iphoneos;
			};
			name = Debug;
		};
		83DD4302173447DC00FA7408 /* Release */ = {
			isa = XCBuildConfiguration;
			buildSettings = {
				ALWAYS_SEARCH_USER_PATHS = NO;
				CLANG_CXX_LANGUAGE_STANDARD = "gnu++0x";
				CLANG_CXX_LIBRARY = "libc++";
				CLANG_ENABLE_OBJC_ARC = YES;
				CLANG_WARN_CONSTANT_CONVERSION = YES;
				CLANG_WARN_EMPTY_BODY = YES;
				CLANG_WARN_ENUM_CONVERSION = YES;
				CLANG_WARN_INT_CONVERSION = YES;
				CLANG_WARN__DUPLICATE_METHOD_MATCH = YES;
				"CODE_SIGN_IDENTITY[sdk=iphoneos*]" = "iPhone Developer";
				COPY_PHASE_STRIP = YES;
				GCC_C_LANGUAGE_STANDARD = gnu99;
				GCC_WARN_ABOUT_RETURN_TYPE = YES;
				GCC_WARN_UNINITIALIZED_AUTOS = YES;
				GCC_WARN_UNUSED_VARIABLE = YES;
				IPHONEOS_DEPLOYMENT_TARGET = 6.1;
				OTHER_CFLAGS = "-DNS_BLOCK_ASSERTIONS=1";
				SDKROOT = iphoneos;
				VALIDATE_PRODUCT = YES;
			};
			name = Release;
		};
		83DD4304173447DC00FA7408 /* Debug */ = {
			isa = XCBuildConfiguration;
			buildSettings = {
				GCC_PRECOMPILE_PREFIX_HEADER = YES;
				GCC_PREFIX_HEADER = "Balancer/Balancer-Prefix.pch";
				HEADER_SEARCH_PATHS = "\"$(BUILT_PRODUCTS_DIR)/../../Headers\"";
				INFOPLIST_FILE = "Balancer/Balancer-Info.plist";
				OTHER_LDFLAGS = (
					"-ObjC",
					"-all_load",
				);
				PRODUCT_NAME = "$(TARGET_NAME)";
				WRAPPER_EXTENSION = app;
			};
			name = Debug;
		};
		83DD4305173447DC00FA7408 /* Release */ = {
			isa = XCBuildConfiguration;
			buildSettings = {
				GCC_PRECOMPILE_PREFIX_HEADER = YES;
				GCC_PREFIX_HEADER = "Balancer/Balancer-Prefix.pch";
				HEADER_SEARCH_PATHS = "\"$(BUILT_PRODUCTS_DIR)/../../Headers\"";
				INFOPLIST_FILE = "Balancer/Balancer-Info.plist";
				OTHER_LDFLAGS = (
					"-ObjC",
					"-all_load",
				);
				PRODUCT_NAME = "$(TARGET_NAME)";
				WRAPPER_EXTENSION = app;
			};
			name = Release;
		};
/* End XCBuildConfiguration section */

/* Begin XCConfigurationList section */
		83DD42D0173447DB00FA7408 /* Build configuration list for PBXProject "Balancer" */ = {
			isa = XCConfigurationList;
			buildConfigurations = (
				83DD4301173447DC00FA7408 /* Debug */,
				83DD4302173447DC00FA7408 /* Release */,
			);
			defaultConfigurationIsVisible = 0;
			defaultConfigurationName = Release;
		};
		83DD4303173447DC00FA7408 /* Build configuration list for PBXNativeTarget "Balancer" */ = {
			isa = XCConfigurationList;
			buildConfigurations = (
				83DD4304173447DC00FA7408 /* Debug */,
				83DD4305173447DC00FA7408 /* Release */,
			);
			defaultConfigurationIsVisible = 0;
			defaultConfigurationName = Release;
		};
/* End XCConfigurationList section */
	};
	rootObject = 83DD42CD173447DB00FA7408 /* Project object */;
}
